// !$*UTF8*$!
{
	archiveVersion = 1;
	classes = {
	};
	objectVersion = 50;
	objects = {

/* Begin PBXBuildFile section */
		39647F6D260EFFBB00FE8324 /* AppDelegate.swift in Sources */ = {isa = PBXBuildFile; fileRef = 39647F6C260EFFBB00FE8324 /* AppDelegate.swift */; };
		39647F6F260EFFBB00FE8324 /* SceneDelegate.swift in Sources */ = {isa = PBXBuildFile; fileRef = 39647F6E260EFFBB00FE8324 /* SceneDelegate.swift */; };
		39647F76260EFFBD00FE8324 /* Assets.xcassets in Resources */ = {isa = PBXBuildFile; fileRef = 39647F75260EFFBD00FE8324 /* Assets.xcassets */; };
		39647F79260EFFBD00FE8324 /* LaunchScreen.storyboard in Resources */ = {isa = PBXBuildFile; fileRef = 39647F77260EFFBD00FE8324 /* LaunchScreen.storyboard */; };
		39647F82260F001200FE8324 /* Movies.json in Resources */ = {isa = PBXBuildFile; fileRef = 39647F81260F001200FE8324 /* Movies.json */; };
		39647F85260F004D00FE8324 /* Movie.swift in Sources */ = {isa = PBXBuildFile; fileRef = 39647F84260F004D00FE8324 /* Movie.swift */; };
		39647F8C260F009100FE8324 /* FileReader.swift in Sources */ = {isa = PBXBuildFile; fileRef = 39647F8B260F009100FE8324 /* FileReader.swift */; };
		39647F91260F08C200FE8324 /* MoviesListController.swift in Sources */ = {isa = PBXBuildFile; fileRef = 39647F90260F08C200FE8324 /* MoviesListController.swift */; };
		39647F94260F0C6700FE8324 /* MoviesList.storyboard in Resources */ = {isa = PBXBuildFile; fileRef = 39647F93260F0C6700FE8324 /* MoviesList.storyboard */; };
		39647F97260F0C7900FE8324 /* MoviesListPresenter.swift in Sources */ = {isa = PBXBuildFile; fileRef = 39647F96260F0C7900FE8324 /* MoviesListPresenter.swift */; };
		39647F9A260F0C8900FE8324 /* MoviesListInteractor.swift in Sources */ = {isa = PBXBuildFile; fileRef = 39647F99260F0C8900FE8324 /* MoviesListInteractor.swift */; };
		39647F9D260F0E0B00FE8324 /* MovieCell.swift in Sources */ = {isa = PBXBuildFile; fileRef = 39647F9C260F0E0B00FE8324 /* MovieCell.swift */; };
		39647FA3260F17E300FE8324 /* Router.swift in Sources */ = {isa = PBXBuildFile; fileRef = 39647FA2260F17E300FE8324 /* Router.swift */; };
/* End PBXBuildFile section */

/* Begin PBXFileReference section */
		39647F69260EFFBB00FE8324 /* VIP.app */ = {isa = PBXFileReference; explicitFileType = wrapper.application; includeInIndex = 0; path = VIP.app; sourceTree = BUILT_PRODUCTS_DIR; };
		39647F6C260EFFBB00FE8324 /* AppDelegate.swift */ = {isa = PBXFileReference; lastKnownFileType = sourcecode.swift; path = AppDelegate.swift; sourceTree = "<group>"; };
		39647F6E260EFFBB00FE8324 /* SceneDelegate.swift */ = {isa = PBXFileReference; lastKnownFileType = sourcecode.swift; path = SceneDelegate.swift; sourceTree = "<group>"; };
		39647F75260EFFBD00FE8324 /* Assets.xcassets */ = {isa = PBXFileReference; lastKnownFileType = folder.assetcatalog; path = Assets.xcassets; sourceTree = "<group>"; };
		39647F78260EFFBD00FE8324 /* Base */ = {isa = PBXFileReference; lastKnownFileType = file.storyboard; name = Base; path = Base.lproj/LaunchScreen.storyboard; sourceTree = "<group>"; };
		39647F7A260EFFBD00FE8324 /* Info.plist */ = {isa = PBXFileReference; lastKnownFileType = text.plist.xml; path = Info.plist; sourceTree = "<group>"; };
		39647F81260F001200FE8324 /* Movies.json */ = {isa = PBXFileReference; lastKnownFileType = text.json; path = Movies.json; sourceTree = "<group>"; };
		39647F84260F004D00FE8324 /* Movie.swift */ = {isa = PBXFileReference; lastKnownFileType = sourcecode.swift; path = Movie.swift; sourceTree = "<group>"; };
		39647F8B260F009100FE8324 /* FileReader.swift */ = {isa = PBXFileReference; lastKnownFileType = sourcecode.swift; path = FileReader.swift; sourceTree = "<group>"; };
		39647F90260F08C200FE8324 /* MoviesListController.swift */ = {isa = PBXFileReference; lastKnownFileType = sourcecode.swift; path = MoviesListController.swift; sourceTree = "<group>"; };
		39647F93260F0C6700FE8324 /* MoviesList.storyboard */ = {isa = PBXFileReference; lastKnownFileType = file.storyboard; path = MoviesList.storyboard; sourceTree = "<group>"; };
		39647F96260F0C7900FE8324 /* MoviesListPresenter.swift */ = {isa = PBXFileReference; lastKnownFileType = sourcecode.swift; path = MoviesListPresenter.swift; sourceTree = "<group>"; };
		39647F99260F0C8900FE8324 /* MoviesListInteractor.swift */ = {isa = PBXFileReference; lastKnownFileType = sourcecode.swift; path = MoviesListInteractor.swift; sourceTree = "<group>"; };
		39647F9C260F0E0B00FE8324 /* MovieCell.swift */ = {isa = PBXFileReference; lastKnownFileType = sourcecode.swift; path = MovieCell.swift; sourceTree = "<group>"; };
		39647FA2260F17E300FE8324 /* Router.swift */ = {isa = PBXFileReference; lastKnownFileType = sourcecode.swift; path = Router.swift; sourceTree = "<group>"; };
/* End PBXFileReference section */

/* Begin PBXFrameworksBuildPhase section */
		39647F66260EFFBB00FE8324 /* Frameworks */ = {
			isa = PBXFrameworksBuildPhase;
			buildActionMask = 2147483647;
			files = (
			);
			runOnlyForDeploymentPostprocessing = 0;
		};
/* End PBXFrameworksBuildPhase section */

/* Begin PBXGroup section */
		39647F60260EFFBB00FE8324 = {
			isa = PBXGroup;
			children = (
				39647F6B260EFFBB00FE8324 /* VIP */,
				39647F6A260EFFBB00FE8324 /* Products */,
			);
			sourceTree = "<group>";
		};
		39647F6A260EFFBB00FE8324 /* Products */ = {
			isa = PBXGroup;
			children = (
				39647F69260EFFBB00FE8324 /* VIP.app */,
			);
			name = Products;
			sourceTree = "<group>";
		};
		39647F6B260EFFBB00FE8324 /* VIP */ = {
			isa = PBXGroup;
			children = (
				39647FA1260F179700FE8324 /* Utilites */,
				39647FA0260F178200FE8324 /* Models */,
				39647F8F260F085300FE8324 /* MoviesList */,
				39647FA2260F17E300FE8324 /* Router.swift */,
				39647F6C260EFFBB00FE8324 /* AppDelegate.swift */,
				39647F6E260EFFBB00FE8324 /* SceneDelegate.swift */,
				39647F81260F001200FE8324 /* Movies.json */,
				39647F75260EFFBD00FE8324 /* Assets.xcassets */,
				39647F77260EFFBD00FE8324 /* LaunchScreen.storyboard */,
				39647F7A260EFFBD00FE8324 /* Info.plist */,
			);
			path = VIP;
			sourceTree = "<group>";
		};
		39647F8F260F085300FE8324 /* MoviesList */ = {
			isa = PBXGroup;
			children = (
				39647F93260F0C6700FE8324 /* MoviesList.storyboard */,
				39647F90260F08C200FE8324 /* MoviesListController.swift */,
				39647F96260F0C7900FE8324 /* MoviesListPresenter.swift */,
				39647F99260F0C8900FE8324 /* MoviesListInteractor.swift */,
				39647F9C260F0E0B00FE8324 /* MovieCell.swift */,
			);
			path = MoviesList;
			sourceTree = "<group>";
		};
		39647FA0260F178200FE8324 /* Models */ = {
			isa = PBXGroup;
			children = (
				39647F84260F004D00FE8324 /* Movie.swift */,
			);
			path = Models;
			sourceTree = "<group>";
		};
		39647FA1260F179700FE8324 /* Utilites */ = {
			isa = PBXGroup;
			children = (
				39647F8B260F009100FE8324 /* FileReader.swift */,
			);
			path = Utilites;
			sourceTree = "<group>";
		};
/* End PBXGroup section */

/* Begin PBXNativeTarget section */
		39647F68260EFFBB00FE8324 /* VIP */ = {
			isa = PBXNativeTarget;
			buildConfigurationList = 39647F7D260EFFBD00FE8324 /* Build configuration list for PBXNativeTarget "VIP" */;
			buildPhases = (
				39647F65260EFFBB00FE8324 /* Sources */,
				39647F66260EFFBB00FE8324 /* Frameworks */,
				39647F67260EFFBB00FE8324 /* Resources */,
			);
			buildRules = (
			);
			dependencies = (
			);
			name = VIP;
			productName = VIP;
			productReference = 39647F69260EFFBB00FE8324 /* VIP.app */;
			productType = "com.apple.product-type.application";
		};
/* End PBXNativeTarget section */

/* Begin PBXProject section */
		39647F61260EFFBB00FE8324 /* Project object */ = {
			isa = PBXProject;
			attributes = {
				LastSwiftUpdateCheck = 1220;
				LastUpgradeCheck = 1220;
				TargetAttributes = {
					39647F68260EFFBB00FE8324 = {
						CreatedOnToolsVersion = 12.2;
					};
				};
			};
			buildConfigurationList = 39647F64260EFFBB00FE8324 /* Build configuration list for PBXProject "VIP" */;
			compatibilityVersion = "Xcode 9.3";
			developmentRegion = en;
			hasScannedForEncodings = 0;
			knownRegions = (
				en,
				Base,
			);
			mainGroup = 39647F60260EFFBB00FE8324;
			productRefGroup = 39647F6A260EFFBB00FE8324 /* Products */;
			projectDirPath = "";
			projectRoot = "";
			targets = (
				39647F68260EFFBB00FE8324 /* VIP */,
			);
		};
/* End PBXProject section */

/* Begin PBXResourcesBuildPhase section */
		39647F67260EFFBB00FE8324 /* Resources */ = {
			isa = PBXResourcesBuildPhase;
			buildActionMask = 2147483647;
			files = (
				39647F79260EFFBD00FE8324 /* LaunchScreen.storyboard in Resources */,
				39647F76260EFFBD00FE8324 /* Assets.xcassets in Resources */,
				39647F82260F001200FE8324 /* Movies.json in Resources */,
				39647F94260F0C6700FE8324 /* MoviesList.storyboard in Resources */,
			);
			runOnlyForDeploymentPostprocessing = 0;
		};
/* End PBXResourcesBuildPhase section */

/* Begin PBXSourcesBuildPhase section */
		39647F65260EFFBB00FE8324 /* Sources */ = {
			isa = PBXSourcesBuildPhase;
			buildActionMask = 2147483647;
			files = (
				39647F8C260F009100FE8324 /* FileReader.swift in Sources */,
				39647F9D260F0E0B00FE8324 /* MovieCell.swift in Sources */,
				39647F6D260EFFBB00FE8324 /* AppDelegate.swift in Sources */,
				39647F97260F0C7900FE8324 /* MoviesListPresenter.swift in Sources */,
				39647FA3260F17E300FE8324 /* Router.swift in Sources */,
				39647F85260F004D00FE8324 /* Movie.swift in Sources */,
				39647F91260F08C200FE8324 /* MoviesListController.swift in Sources */,
				39647F6F260EFFBB00FE8324 /* SceneDelegate.swift in Sources */,
				39647F9A260F0C8900FE8324 /* MoviesListInteractor.swift in Sources */,
			);
			runOnlyForDeploymentPostprocessing = 0;
		};
/* End PBXSourcesBuildPhase section */

/* Begin PBXVariantGroup section */
		39647F77260EFFBD00FE8324 /* LaunchScreen.storyboard */ = {
			isa = PBXVariantGroup;
			children = (
				39647F78260EFFBD00FE8324 /* Base */,
			);
			name = LaunchScreen.storyboard;
			sourceTree = "<group>";
		};
/* End PBXVariantGroup section */

/* Begin XCBuildConfiguration section */
		39647F7B260EFFBD00FE8324 /* Debug */ = {
			isa = XCBuildConfiguration;
			buildSettings = {
				ALWAYS_SEARCH_USER_PATHS = NO;
				CLANG_ANALYZER_NONNULL = YES;
				CLANG_ANALYZER_NUMBER_OBJECT_CONVERSION = YES_AGGRESSIVE;
				CLANG_CXX_LANGUAGE_STANDARD = "gnu++14";
				CLANG_CXX_LIBRARY = "libc++";
				CLANG_ENABLE_MODULES = YES;
				CLANG_ENABLE_OBJC_ARC = YES;
				CLANG_ENABLE_OBJC_WEAK = YES;
				CLANG_WARN_BLOCK_CAPTURE_AUTORELEASING = YES;
				CLANG_WARN_BOOL_CONVERSION = YES;
				CLANG_WARN_COMMA = YES;
				CLANG_WARN_CONSTANT_CONVERSION = YES;
				CLANG_WARN_DEPRECATED_OBJC_IMPLEMENTATIONS = YES;
				CLANG_WARN_DIRECT_OBJC_ISA_USAGE = YES_ERROR;
				CLANG_WARN_DOCUMENTATION_COMMENTS = YES;
				CLANG_WARN_EMPTY_BODY = YES;
				CLANG_WARN_ENUM_CONVERSION = YES;
				CLANG_WARN_INFINITE_RECURSION = YES;
				CLANG_WARN_INT_CONVERSION = YES;
				CLANG_WARN_NON_LITERAL_NULL_CONVERSION = YES;
				CLANG_WARN_OBJC_IMPLICIT_RETAIN_SELF = YES;
				CLANG_WARN_OBJC_LITERAL_CONVERSION = YES;
				CLANG_WARN_OBJC_ROOT_CLASS = YES_ERROR;
				CLANG_WARN_QUOTED_INCLUDE_IN_FRAMEWORK_HEADER = YES;
				CLANG_WARN_RANGE_LOOP_ANALYSIS = YES;
				CLANG_WARN_STRICT_PROTOTYPES = YES;
				CLANG_WARN_SUSPICIOUS_MOVE = YES;
				CLANG_WARN_UNGUARDED_AVAILABILITY = YES_AGGRESSIVE;
				CLANG_WARN_UNREACHABLE_CODE = YES;
				CLANG_WARN__DUPLICATE_METHOD_MATCH = YES;
				COPY_PHASE_STRIP = NO;
				DEBUG_INFORMATION_FORMAT = dwarf;
				ENABLE_STRICT_OBJC_MSGSEND = YES;
				ENABLE_TESTABILITY = YES;
				GCC_C_LANGUAGE_STANDARD = gnu11;
				GCC_DYNAMIC_NO_PIC = NO;
				GCC_NO_COMMON_BLOCKS = YES;
				GCC_OPTIMIZATION_LEVEL = 0;
				GCC_PREPROCESSOR_DEFINITIONS = (
					"DEBUG=1",
					"$(inherited)",
				);
				GCC_WARN_64_TO_32_BIT_CONVERSION = YES;
				GCC_WARN_ABOUT_RETURN_TYPE = YES_ERROR;
				GCC_WARN_UNDECLARED_SELECTOR = YES;
				GCC_WARN_UNINITIALIZED_AUTOS = YES_AGGRESSIVE;
				GCC_WARN_UNUSED_FUNCTION = YES;
				GCC_WARN_UNUSED_VARIABLE = YES;
				IPHONEOS_DEPLOYMENT_TARGET = 14.2;
				MTL_ENABLE_DEBUG_INFO = INCLUDE_SOURCE;
				MTL_FAST_MATH = YES;
				ONLY_ACTIVE_ARCH = YES;
				SDKROOT = iphoneos;
				SWIFT_ACTIVE_COMPILATION_CONDITIONS = DEBUG;
				SWIFT_OPTIMIZATION_LEVEL = "-Onone";
			};
			name = Debug;
		};
		39647F7C260EFFBD00FE8324 /* Release */ = {
			isa = XCBuildConfiguration;
			buildSettings = {
				ALWAYS_SEARCH_USER_PATHS = NO;
				CLANG_ANALYZER_NONNULL = YES;
				CLANG_ANALYZER_NUMBER_OBJECT_CONVERSION = YES_AGGRESSIVE;
				CLANG_CXX_LANGUAGE_STANDARD = "gnu++14";
				CLANG_CXX_LIBRARY = "libc++";
				CLANG_ENABLE_MODULES = YES;
				CLANG_ENABLE_OBJC_ARC = YES;
				CLANG_ENABLE_OBJC_WEAK = YES;
				CLANG_WARN_BLOCK_CAPTURE_AUTORELEASING = YES;
				CLANG_WARN_BOOL_CONVERSION = YES;
				CLANG_WARN_COMMA = YES;
				CLANG_WARN_CONSTANT_CONVERSION = YES;
				CLANG_WARN_DEPRECATED_OBJC_IMPLEMENTATIONS = YES;
				CLANG_WARN_DIRECT_OBJC_ISA_USAGE = YES_ERROR;
				CLANG_WARN_DOCUMENTATION_COMMENTS = YES;
				CLANG_WARN_EMPTY_BODY = YES;
				CLANG_WARN_ENUM_CONVERSION = YES;
				CLANG_WARN_INFINITE_RECURSION = YES;
				CLANG_WARN_INT_CONVERSION = YES;
				CLANG_WARN_NON_LITERAL_NULL_CONVERSION = YES;
				CLANG_WARN_OBJC_IMPLICIT_RETAIN_SELF = YES;
				CLANG_WARN_OBJC_LITERAL_CONVERSION = YES;
				CLANG_WARN_OBJC_ROOT_CLASS = YES_ERROR;
				CLANG_WARN_QUOTED_INCLUDE_IN_FRAMEWORK_HEADER = YES;
				CLANG_WARN_RANGE_LOOP_ANALYSIS = YES;
				CLANG_WARN_STRICT_PROTOTYPES = YES;
				CLANG_WARN_SUSPICIOUS_MOVE = YES;
				CLANG_WARN_UNGUARDED_AVAILABILITY = YES_AGGRESSIVE;
				CLANG_WARN_UNREACHABLE_CODE = YES;
				CLANG_WARN__DUPLICATE_METHOD_MATCH = YES;
				COPY_PHASE_STRIP = NO;
				DEBUG_INFORMATION_FORMAT = "dwarf-with-dsym";
				ENABLE_NS_ASSERTIONS = NO;
				ENABLE_STRICT_OBJC_MSGSEND = YES;
				GCC_C_LANGUAGE_STANDARD = gnu11;
				GCC_NO_COMMON_BLOCKS = YES;
				GCC_WARN_64_TO_32_BIT_CONVERSION = YES;
				GCC_WARN_ABOUT_RETURN_TYPE = YES_ERROR;
				GCC_WARN_UNDECLARED_SELECTOR = YES;
				GCC_WARN_UNINITIALIZED_AUTOS = YES_AGGRESSIVE;
				GCC_WARN_UNUSED_FUNCTION = YES;
				GCC_WARN_UNUSED_VARIABLE = YES;
				IPHONEOS_DEPLOYMENT_TARGET = 14.2;
				MTL_ENABLE_DEBUG_INFO = NO;
				MTL_FAST_MATH = YES;
				SDKROOT = iphoneos;
				SWIFT_COMPILATION_MODE = wholemodule;
				SWIFT_OPTIMIZATION_LEVEL = "-O";
				VALIDATE_PRODUCT = YES;
			};
			name = Release;
		};
		39647F7E260EFFBD00FE8324 /* Debug */ = {
			isa = XCBuildConfiguration;
			buildSettings = {
				ASSETCATALOG_COMPILER_APPICON_NAME = AppIcon;
				ASSETCATALOG_COMPILER_GLOBAL_ACCENT_COLOR_NAME = AccentColor;
				CODE_SIGN_STYLE = Automatic;
				DEVELOPMENT_TEAM = 9WXRRJPU56;
				INFOPLIST_FILE = VIP/Info.plist;
				LD_RUNPATH_SEARCH_PATHS = (
					"$(inherited)",
					"@executable_path/Frameworks",
				);
				PRODUCT_BUNDLE_IDENTIFIER = com.self.VIP;
				PRODUCT_NAME = "$(TARGET_NAME)";
				SWIFT_VERSION = 5.0;
				TARGETED_DEVICE_FAMILY = "1,2";
			};
			name = Debug;
		};
		39647F7F260EFFBD00FE8324 /* Release */ = {
			isa = XCBuildConfiguration;
			buildSettings = {
				ASSETCATALOG_COMPILER_APPICON_NAME = AppIcon;
				ASSETCATALOG_COMPILER_GLOBAL_ACCENT_COLOR_NAME = AccentColor;
				CODE_SIGN_STYLE = Automatic;
				DEVELOPMENT_TEAM = 9WXRRJPU56;
				INFOPLIST_FILE = VIP/Info.plist;
				LD_RUNPATH_SEARCH_PATHS = (
					"$(inherited)",
					"@executable_path/Frameworks",
				);
				PRODUCT_BUNDLE_IDENTIFIER = com.self.VIP;
				PRODUCT_NAME = "$(TARGET_NAME)";
				SWIFT_VERSION = 5.0;
				TARGETED_DEVICE_FAMILY = "1,2";
			};
			name = Release;
		};
/* End XCBuildConfiguration section */

/* Begin XCConfigurationList section */
		39647F64260EFFBB00FE8324 /* Build configuration list for PBXProject "VIP" */ = {
			isa = XCConfigurationList;
			buildConfigurations = (
				39647F7B260EFFBD00FE8324 /* Debug */,
				39647F7C260EFFBD00FE8324 /* Release */,
			);
			defaultConfigurationIsVisible = 0;
			defaultConfigurationName = Release;
		};
		39647F7D260EFFBD00FE8324 /* Build configuration list for PBXNativeTarget "VIP" */ = {
			isa = XCConfigurationList;
			buildConfigurations = (
				39647F7E260EFFBD00FE8324 /* Debug */,
				39647F7F260EFFBD00FE8324 /* Release */,
			);
			defaultConfigurationIsVisible = 0;
			defaultConfigurationName = Release;
		};
/* End XCConfigurationList section */
	};
	rootObject = 39647F61260EFFBB00FE8324 /* Project object */;
}
